<Solution>
  <Project Path="D:/Project_000/WebApp/CuratorMainApp/Auth/Auth.csproj" Id="3bbd6660-0c70-4fbb-bd47-807f884c12c4" />
  <Project Path="D:/Project_000/WebApp/CuratorMainApp/CuratorMainApp/CuratorMainApp.csproj" Id="5b049932-7cb9-45e7-b5a3-36222be862f6" />
  <Project Path="D:/Project_000/WebApp/CuratorMainApp/EmailService/EmailService.csproj" Id="7ae782c1-6b97-451e-ab1a-dcdeb157c573" />
</Solution>
